{
  "name": "@vanillawc/wc-social-link",
  "version": "1.0.0",
  "lockfileVersion": 1,
  "requires": true,
  "dependencies": {
    "vanillawc": {
      "version": "github:vanillawc/vanillawc#a877ad854d3a15252234d65b6753b6cc6a753e1a",
      "from": "github:vanillawc/vanillawc",
      "dev": true
    }
  }
}
